
Microsoft Visual Studio Solution File, Format Version 12.00
# Visual Studio Version 17
VisualStudioVersion = 17.0.31903.59
MinimumVisualStudioVersion = 10.0.40219.1
Project("{9A19103F-16F7-4668-BE54-9A1E7A4F7556}") = "Teqit.Extensions.Seq", "Teqit.Extensions.Seq.csproj", "{713462DD-4410-4201-BFD4-CE0E02726CDC}"
EndProject
Global
	GlobalSection(SolutionConfigurationPlatforms) = preSolution
		Debug|Any CPU = Debug|Any CPU
		Release|Any CPU = Release|Any CPU
	EndGlobalSection
	GlobalSection(ProjectConfigurationPlatforms) = postSolution
		{713462DD-4410-4201-BFD4-CE0E02726CDC}.Debug|Any CPU.ActiveCfg = Debug|Any CPU
		{713462DD-4410-4201-BFD4-CE0E02726CDC}.Debug|Any CPU.Build.0 = Debug|Any CPU
		{713462DD-4410-4201-BFD4-CE0E02726CDC}.Release|Any CPU.ActiveCfg = Release|Any CPU
		{713462DD-4410-4201-BFD4-CE0E02726CDC}.Release|Any CPU.Build.0 = Release|Any CPU
	EndGlobalSection
	GlobalSection(SolutionProperties) = preSolution
		HideSolutionNode = FALSE
	EndGlobalSection
	GlobalSection(ExtensibilityGlobals) = postSolution
		SolutionGuid = {B016987E-4EDD-4D6A-8B2B-3CE300457195}
	EndGlobalSection
EndGlobal
